// !$*UTF8*$!
{
	archiveVersion = 1;
	classes = {
	};
	objectVersion = 50;
	objects = {

/* Begin PBXBuildFile section */
		3D4B5FB2227A4DB400952C98 /* AppDelegate.swift in Sources */ = {isa = PBXBuildFile; fileRef = 3D4B5FB1227A4DB400952C98 /* AppDelegate.swift */; };
		3D4B5FB4227A4DB400952C98 /* ViewController.swift in Sources */ = {isa = PBXBuildFile; fileRef = 3D4B5FB3227A4DB400952C98 /* ViewController.swift */; };
		3D4B5FB7227A4DB400952C98 /* Main.storyboard in Resources */ = {isa = PBXBuildFile; fileRef = 3D4B5FB5227A4DB400952C98 /* Main.storyboard */; };
		3D4B5FB9227A4DB500952C98 /* Assets.xcassets in Resources */ = {isa = PBXBuildFile; fileRef = 3D4B5FB8227A4DB500952C98 /* Assets.xcassets */; };
		3D4B5FBC227A4DB500952C98 /* LaunchScreen.storyboard in Resources */ = {isa = PBXBuildFile; fileRef = 3D4B5FBA227A4DB500952C98 /* LaunchScreen.storyboard */; };
		3D4B5FC4227A507D00952C98 /* Palindrome.swift in Sources */ = {isa = PBXBuildFile; fileRef = 3D4B5FC3227A507D00952C98 /* Palindrome.swift */; };
/* End PBXBuildFile section */

/* Begin PBXFileReference section */
		3D4B5FAE227A4DB400952C98 /* PalindromeChecker2.0.app */ = {isa = PBXFileReference; explicitFileType = wrapper.application; includeInIndex = 0; path = PalindromeChecker2.0.app; sourceTree = BUILT_PRODUCTS_DIR; };
		3D4B5FB1227A4DB400952C98 /* AppDelegate.swift */ = {isa = PBXFileReference; lastKnownFileType = sourcecode.swift; path = AppDelegate.swift; sourceTree = "<group>"; };
		3D4B5FB3227A4DB400952C98 /* ViewController.swift */ = {isa = PBXFileReference; lastKnownFileType = sourcecode.swift; path = ViewController.swift; sourceTree = "<group>"; };
		3D4B5FB6227A4DB400952C98 /* Base */ = {isa = PBXFileReference; lastKnownFileType = file.storyboard; name = Base; path = Base.lproj/Main.storyboard; sourceTree = "<group>"; };
		3D4B5FB8227A4DB500952C98 /* Assets.xcassets */ = {isa = PBXFileReference; lastKnownFileType = folder.assetcatalog; path = Assets.xcassets; sourceTree = "<group>"; };
		3D4B5FBB227A4DB500952C98 /* Base */ = {isa = PBXFileReference; lastKnownFileType = file.storyboard; name = Base; path = Base.lproj/LaunchScreen.storyboard; sourceTree = "<group>"; };
		3D4B5FBD227A4DB500952C98 /* Info.plist */ = {isa = PBXFileReference; lastKnownFileType = text.plist.xml; path = Info.plist; sourceTree = "<group>"; };
		3D4B5FC3227A507D00952C98 /* Palindrome.swift */ = {isa = PBXFileReference; lastKnownFileType = sourcecode.swift; path = Palindrome.swift; sourceTree = "<group>"; };
/* End PBXFileReference section */

/* Begin PBXFrameworksBuildPhase section */
		3D4B5FAB227A4DB400952C98 /* Frameworks */ = {
			isa = PBXFrameworksBuildPhase;
			buildActionMask = 2147483647;
			files = (
			);
			runOnlyForDeploymentPostprocessing = 0;
		};
/* End PBXFrameworksBuildPhase section */

/* Begin PBXGroup section */
		3D4B5FA5227A4DB400952C98 = {
			isa = PBXGroup;
			children = (
				3D4B5FB0227A4DB400952C98 /* PalindromeChecker2.0 */,
				3D4B5FAF227A4DB400952C98 /* Products */,
			);
			sourceTree = "<group>";
		};
		3D4B5FAF227A4DB400952C98 /* Products */ = {
			isa = PBXGroup;
			children = (
				3D4B5FAE227A4DB400952C98 /* PalindromeChecker2.0.app */,
			);
			name = Products;
			sourceTree = "<group>";
		};
		3D4B5FB0227A4DB400952C98 /* PalindromeChecker2.0 */ = {
			isa = PBXGroup;
			children = (
				3D4B5FB1227A4DB400952C98 /* AppDelegate.swift */,
				3D4B5FB3227A4DB400952C98 /* ViewController.swift */,
				3D4B5FC3227A507D00952C98 /* Palindrome.swift */,
				3D4B5FB5227A4DB400952C98 /* Main.storyboard */,
				3D4B5FB8227A4DB500952C98 /* Assets.xcassets */,
				3D4B5FBA227A4DB500952C98 /* LaunchScreen.storyboard */,
				3D4B5FBD227A4DB500952C98 /* Info.plist */,
			);
			path = PalindromeChecker2.0;
			sourceTree = "<group>";
		};
/* End PBXGroup section */

/* Begin PBXNativeTarget section */
		3D4B5FAD227A4DB400952C98 /* PalindromeChecker2.0 */ = {
			isa = PBXNativeTarget;
			buildConfigurationList = 3D4B5FC0227A4DB500952C98 /* Build configuration list for PBXNativeTarget "PalindromeChecker2.0" */;
			buildPhases = (
				3D4B5FAA227A4DB400952C98 /* Sources */,
				3D4B5FAB227A4DB400952C98 /* Frameworks */,
				3D4B5FAC227A4DB400952C98 /* Resources */,
			);
			buildRules = (
			);
			dependencies = (
			);
			name = PalindromeChecker2.0;
			productName = PalindromeChecker2.0;
			productReference = 3D4B5FAE227A4DB400952C98 /* PalindromeChecker2.0.app */;
			productType = "com.apple.product-type.application";
		};
/* End PBXNativeTarget section */

/* Begin PBXProject section */
		3D4B5FA6227A4DB400952C98 /* Project object */ = {
			isa = PBXProject;
			attributes = {
				LastSwiftUpdateCheck = 1020;
				LastUpgradeCheck = 1020;
				ORGANIZATIONNAME = "Mitchell Budge";
				TargetAttributes = {
					3D4B5FAD227A4DB400952C98 = {
						CreatedOnToolsVersion = 10.2.1;
					};
				};
			};
			buildConfigurationList = 3D4B5FA9227A4DB400952C98 /* Build configuration list for PBXProject "PalindromeChecker2.0" */;
			compatibilityVersion = "Xcode 9.3";
			developmentRegion = en;
			hasScannedForEncodings = 0;
			knownRegions = (
				en,
				Base,
			);
			mainGroup = 3D4B5FA5227A4DB400952C98;
			productRefGroup = 3D4B5FAF227A4DB400952C98 /* Products */;
			projectDirPath = "";
			projectRoot = "";
			targets = (
				3D4B5FAD227A4DB400952C98 /* PalindromeChecker2.0 */,
			);
		};
/* End PBXProject section */

/* Begin PBXResourcesBuildPhase section */
		3D4B5FAC227A4DB400952C98 /* Resources */ = {
			isa = PBXResourcesBuildPhase;
			buildActionMask = 2147483647;
			files = (
				3D4B5FBC227A4DB500952C98 /* LaunchScreen.storyboard in Resources */,
				3D4B5FB9227A4DB500952C98 /* Assets.xcassets in Resources */,
				3D4B5FB7227A4DB400952C98 /* Main.storyboard in Resources */,
			);
			runOnlyForDeploymentPostprocessing = 0;
		};
/* End PBXResourcesBuildPhase section */

/* Begin PBXSourcesBuildPhase section */
		3D4B5FAA227A4DB400952C98 /* Sources */ = {
			isa = PBXSourcesBuildPhase;
			buildActionMask = 2147483647;
			files = (
				3D4B5FB4227A4DB400952C98 /* ViewController.swift in Sources */,
				3D4B5FC4227A507D00952C98 /* Palindrome.swift in Sources */,
				3D4B5FB2227A4DB400952C98 /* AppDelegate.swift in Sources */,
			);
			runOnlyForDeploymentPostprocessing = 0;
		};
/* End PBXSourcesBuildPhase section */

/* Begin PBXVariantGroup section */
		3D4B5FB5227A4DB400952C98 /* Main.storyboard */ = {
			isa = PBXVariantGroup;
			children = (
				3D4B5FB6227A4DB400952C98 /* Base */,
			);
			name = Main.storyboard;
			sourceTree = "<group>";
		};
		3D4B5FBA227A4DB500952C98 /* LaunchScreen.storyboard */ = {
			isa = PBXVariantGroup;
			children = (
				3D4B5FBB227A4DB500952C98 /* Base */,
			);
			name = LaunchScreen.storyboard;
			sourceTree = "<group>";
		};
/* End PBXVariantGroup section */

/* Begin XCBuildConfiguration section */
		3D4B5FBE227A4DB500952C98 /* Debug */ = {
			isa = XCBuildConfiguration;
			buildSettings = {
				ALWAYS_SEARCH_USER_PATHS = NO;
				CLANG_ANALYZER_NONNULL = YES;
				CLANG_ANALYZER_NUMBER_OBJECT_CONVERSION = YES_AGGRESSIVE;
				CLANG_CXX_LANGUAGE_STANDARD = "gnu++14";
				CLANG_CXX_LIBRARY = "libc++";
				CLANG_ENABLE_MODULES = YES;
				CLANG_ENABLE_OBJC_ARC = YES;
				CLANG_ENABLE_OBJC_WEAK = YES;
				CLANG_WARN_BLOCK_CAPTURE_AUTORELEASING = YES;
				CLANG_WARN_BOOL_CONVERSION = YES;
				CLANG_WARN_COMMA = YES;
				CLANG_WARN_CONSTANT_CONVERSION = YES;
				CLANG_WARN_DEPRECATED_OBJC_IMPLEMENTATIONS = YES;
				CLANG_WARN_DIRECT_OBJC_ISA_USAGE = YES_ERROR;
				CLANG_WARN_DOCUMENTATION_COMMENTS = YES;
				CLANG_WARN_EMPTY_BODY = YES;
				CLANG_WARN_ENUM_CONVERSION = YES;
				CLANG_WARN_INFINITE_RECURSION = YES;
				CLANG_WARN_INT_CONVERSION = YES;
				CLANG_WARN_NON_LITERAL_NULL_CONVERSION = YES;
				CLANG_WARN_OBJC_IMPLICIT_RETAIN_SELF = YES;
				CLANG_WARN_OBJC_LITERAL_CONVERSION = YES;
				CLANG_WARN_OBJC_ROOT_CLASS = YES_ERROR;
				CLANG_WARN_RANGE_LOOP_ANALYSIS = YES;
				CLANG_WARN_STRICT_PROTOTYPES = YES;
				CLANG_WARN_SUSPICIOUS_MOVE = YES;
				CLANG_WARN_UNGUARDED_AVAILABILITY = YES_AGGRESSIVE;
				CLANG_WARN_UNREACHABLE_CODE = YES;
				CLANG_WARN__DUPLICATE_METHOD_MATCH = YES;
				CODE_SIGN_IDENTITY = "iPhone Developer";
				COPY_PHASE_STRIP = NO;
				DEBUG_INFORMATION_FORMAT = dwarf;
				ENABLE_STRICT_OBJC_MSGSEND = YES;
				ENABLE_TESTABILITY = YES;
				GCC_C_LANGUAGE_STANDARD = gnu11;
				GCC_DYNAMIC_NO_PIC = NO;
				GCC_NO_COMMON_BLOCKS = YES;
				GCC_OPTIMIZATION_LEVEL = 0;
				GCC_PREPROCESSOR_DEFINITIONS = (
					"DEBUG=1",
					"$(inherited)",
				);
				GCC_WARN_64_TO_32_BIT_CONVERSION = YES;
				GCC_WARN_ABOUT_RETURN_TYPE = YES_ERROR;
				GCC_WARN_UNDECLARED_SELECTOR = YES;
				GCC_WARN_UNINITIALIZED_AUTOS = YES_AGGRESSIVE;
				GCC_WARN_UNUSED_FUNCTION = YES;
				GCC_WARN_UNUSED_VARIABLE = YES;
				IPHONEOS_DEPLOYMENT_TARGET = 12.2;
				MTL_ENABLE_DEBUG_INFO = INCLUDE_SOURCE;
				MTL_FAST_MATH = YES;
				ONLY_ACTIVE_ARCH = YES;
				SDKROOT = iphoneos;
				SWIFT_ACTIVE_COMPILATION_CONDITIONS = DEBUG;
				SWIFT_OPTIMIZATION_LEVEL = "-Onone";
			};
			name = Debug;
		};
		3D4B5FBF227A4DB500952C98 /* Release */ = {
			isa = XCBuildConfiguration;
			buildSettings = {
				ALWAYS_SEARCH_USER_PATHS = NO;
				CLANG_ANALYZER_NONNULL = YES;
				CLANG_ANALYZER_NUMBER_OBJECT_CONVERSION = YES_AGGRESSIVE;
				CLANG_CXX_LANGUAGE_STANDARD = "gnu++14";
				CLANG_CXX_LIBRARY = "libc++";
				CLANG_ENABLE_MODULES = YES;
				CLANG_ENABLE_OBJC_ARC = YES;
				CLANG_ENABLE_OBJC_WEAK = YES;
				CLANG_WARN_BLOCK_CAPTURE_AUTORELEASING = YES;
				CLANG_WARN_BOOL_CONVERSION = YES;
				CLANG_WARN_COMMA = YES;
				CLANG_WARN_CONSTANT_CONVERSION = YES;
				CLANG_WARN_DEPRECATED_OBJC_IMPLEMENTATIONS = YES;
				CLANG_WARN_DIRECT_OBJC_ISA_USAGE = YES_ERROR;
				CLANG_WARN_DOCUMENTATION_COMMENTS = YES;
				CLANG_WARN_EMPTY_BODY = YES;
				CLANG_WARN_ENUM_CONVERSION = YES;
				CLANG_WARN_INFINITE_RECURSION = YES;
				CLANG_WARN_INT_CONVERSION = YES;
				CLANG_WARN_NON_LITERAL_NULL_CONVERSION = YES;
				CLANG_WARN_OBJC_IMPLICIT_RETAIN_SELF = YES;
				CLANG_WARN_OBJC_LITERAL_CONVERSION = YES;
				CLANG_WARN_OBJC_ROOT_CLASS = YES_ERROR;
				CLANG_WARN_RANGE_LOOP_ANALYSIS = YES;
				CLANG_WARN_STRICT_PROTOTYPES = YES;
				CLANG_WARN_SUSPICIOUS_MOVE = YES;
				CLANG_WARN_UNGUARDED_AVAILABILITY = YES_AGGRESSIVE;
				CLANG_WARN_UNREACHABLE_CODE = YES;
				CLANG_WARN__DUPLICATE_METHOD_MATCH = YES;
				CODE_SIGN_IDENTITY = "iPhone Developer";
				COPY_PHASE_STRIP = NO;
				DEBUG_INFORMATION_FORMAT = "dwarf-with-dsym";
				ENABLE_NS_ASSERTIONS = NO;
				ENABLE_STRICT_OBJC_MSGSEND = YES;
				GCC_C_LANGUAGE_STANDARD = gnu11;
				GCC_NO_COMMON_BLOCKS = YES;
				GCC_WARN_64_TO_32_BIT_CONVERSION = YES;
				GCC_WARN_ABOUT_RETURN_TYPE = YES_ERROR;
				GCC_WARN_UNDECLARED_SELECTOR = YES;
				GCC_WARN_UNINITIALIZED_AUTOS = YES_AGGRESSIVE;
				GCC_WARN_UNUSED_FUNCTION = YES;
				GCC_WARN_UNUSED_VARIABLE = YES;
				IPHONEOS_DEPLOYMENT_TARGET = 12.2;
				MTL_ENABLE_DEBUG_INFO = NO;
				MTL_FAST_MATH = YES;
				SDKROOT = iphoneos;
				SWIFT_COMPILATION_MODE = wholemodule;
				SWIFT_OPTIMIZATION_LEVEL = "-O";
				VALIDATE_PRODUCT = YES;
			};
			name = Release;
		};
		3D4B5FC1227A4DB500952C98 /* Debug */ = {
			isa = XCBuildConfiguration;
			buildSettings = {
				ASSETCATALOG_COMPILER_APPICON_NAME = AppIcon;
				CODE_SIGN_STYLE = Automatic;
				DEVELOPMENT_TEAM = K3F959XXFV;
				INFOPLIST_FILE = PalindromeChecker2.0/Info.plist;
				LD_RUNPATH_SEARCH_PATHS = (
					"$(inherited)",
					"@executable_path/Frameworks",
				);
				PRODUCT_BUNDLE_IDENTIFIER = com.mitchellbudge;
				PRODUCT_NAME = "$(TARGET_NAME)";
				SWIFT_VERSION = 5.0;
				TARGETED_DEVICE_FAMILY = "1,2";
			};
			name = Debug;
		};
		3D4B5FC2227A4DB500952C98 /* Release */ = {
			isa = XCBuildConfiguration;
			buildSettings = {
				ASSETCATALOG_COMPILER_APPICON_NAME = AppIcon;
				CODE_SIGN_STYLE = Automatic;
				DEVELOPMENT_TEAM = K3F959XXFV;
				INFOPLIST_FILE = PalindromeChecker2.0/Info.plist;
				LD_RUNPATH_SEARCH_PATHS = (
					"$(inherited)",
					"@executable_path/Frameworks",
				);
				PRODUCT_BUNDLE_IDENTIFIER = com.mitchellbudge;
				PRODUCT_NAME = "$(TARGET_NAME)";
				SWIFT_VERSION = 5.0;
				TARGETED_DEVICE_FAMILY = "1,2";
			};
			name = Release;
		};
/* End XCBuildConfiguration section */

/* Begin XCConfigurationList section */
		3D4B5FA9227A4DB400952C98 /* Build configuration list for PBXProject "PalindromeChecker2.0" */ = {
			isa = XCConfigurationList;
			buildConfigurations = (
				3D4B5FBE227A4DB500952C98 /* Debug */,
				3D4B5FBF227A4DB500952C98 /* Release */,
			);
			defaultConfigurationIsVisible = 0;
			defaultConfigurationName = Release;
		};
		3D4B5FC0227A4DB500952C98 /* Build configuration list for PBXNativeTarget "PalindromeChecker2.0" */ = {
			isa = XCConfigurationList;
			buildConfigurations = (
				3D4B5FC1227A4DB500952C98 /* Debug */,
				3D4B5FC2227A4DB500952C98 /* Release */,
			);
			defaultConfigurationIsVisible = 0;
			defaultConfigurationName = Release;
		};
/* End XCConfigurationList section */
	};
	rootObject = 3D4B5FA6227A4DB400952C98 /* Project object */;
}
